// !$*UTF8*$!
{
	archiveVersion = 1;
	classes = {
	};
	objectVersion = 50;
	objects = {

/* Begin PBXBuildFile section */
		2E7BF11F2541C9040076CD26 /* HeaderView.swift in Sources */ = {isa = PBXBuildFile; fileRef = 2E7BF11E2541C9040076CD26 /* HeaderView.swift */; };
		2E7BF1242541D4F10076CD26 /* BackgroundView.swift in Sources */ = {isa = PBXBuildFile; fileRef = 2E7BF1232541D4F10076CD26 /* BackgroundView.swift */; };
		2E7BF12A2541D8A60076CD26 /* SubHeaderView.swift in Sources */ = {isa = PBXBuildFile; fileRef = 2E7BF1292541D8A60076CD26 /* SubHeaderView.swift */; };
		2E9204992541791700E9C066 /* SparringApp.swift in Sources */ = {isa = PBXBuildFile; fileRef = 2E9204982541791700E9C066 /* SparringApp.swift */; };
		2E92049B2541791700E9C066 /* SignInView.swift in Sources */ = {isa = PBXBuildFile; fileRef = 2E92049A2541791700E9C066 /* SignInView.swift */; };
		2E92049D2541791800E9C066 /* Assets.xcassets in Resources */ = {isa = PBXBuildFile; fileRef = 2E92049C2541791800E9C066 /* Assets.xcassets */; };
		2E9204A02541791800E9C066 /* Preview Assets.xcassets in Resources */ = {isa = PBXBuildFile; fileRef = 2E92049F2541791800E9C066 /* Preview Assets.xcassets */; };
		2E9204A22541791800E9C066 /* Persistence.swift in Sources */ = {isa = PBXBuildFile; fileRef = 2E9204A12541791800E9C066 /* Persistence.swift */; };
		2E9204A52541791800E9C066 /* Sparring.xcdatamodeld in Sources */ = {isa = PBXBuildFile; fileRef = 2E9204A32541791800E9C066 /* Sparring.xcdatamodeld */; };
		2E9204B02541791800E9C066 /* SparringTests.swift in Sources */ = {isa = PBXBuildFile; fileRef = 2E9204AF2541791800E9C066 /* SparringTests.swift */; };
		2E9204BB2541791800E9C066 /* SparringUITests.swift in Sources */ = {isa = PBXBuildFile; fileRef = 2E9204BA2541791800E9C066 /* SparringUITests.swift */; };
		2E9204D025417B1600E9C066 /* Colors.xcassets in Resources */ = {isa = PBXBuildFile; fileRef = 2E9204CF25417B1600E9C066 /* Colors.xcassets */; };
		2E9204D72541922000E9C066 /* Color+Default.swift in Sources */ = {isa = PBXBuildFile; fileRef = 2E9204D62541922000E9C066 /* Color+Default.swift */; };
		2E9204F22541A24D00E9C066 /* Localizable.strings in Resources */ = {isa = PBXBuildFile; fileRef = 2E9204F12541A24D00E9C066 /* Localizable.strings */; };
		2E9204F92541A2B400E9C066 /* String+Localized.swift in Sources */ = {isa = PBXBuildFile; fileRef = 2E9204F82541A2B400E9C066 /* String+Localized.swift */; };
/* End PBXBuildFile section */

/* Begin PBXContainerItemProxy section */
		2E9204AC2541791800E9C066 /* PBXContainerItemProxy */ = {
			isa = PBXContainerItemProxy;
			containerPortal = 2E92048D2541791700E9C066 /* Project object */;
			proxyType = 1;
			remoteGlobalIDString = 2E9204942541791700E9C066;
			remoteInfo = Sparring;
		};
		2E9204B72541791800E9C066 /* PBXContainerItemProxy */ = {
			isa = PBXContainerItemProxy;
			containerPortal = 2E92048D2541791700E9C066 /* Project object */;
			proxyType = 1;
			remoteGlobalIDString = 2E9204942541791700E9C066;
			remoteInfo = Sparring;
		};
/* End PBXContainerItemProxy section */

/* Begin PBXFileReference section */
		2E7BF11E2541C9040076CD26 /* HeaderView.swift */ = {isa = PBXFileReference; lastKnownFileType = sourcecode.swift; path = HeaderView.swift; sourceTree = "<group>"; };
		2E7BF1232541D4F10076CD26 /* BackgroundView.swift */ = {isa = PBXFileReference; lastKnownFileType = sourcecode.swift; path = BackgroundView.swift; sourceTree = "<group>"; };
		2E7BF1292541D8A60076CD26 /* SubHeaderView.swift */ = {isa = PBXFileReference; lastKnownFileType = sourcecode.swift; path = SubHeaderView.swift; sourceTree = "<group>"; };
		2E9204952541791700E9C066 /* Sparring.app */ = {isa = PBXFileReference; explicitFileType = wrapper.application; includeInIndex = 0; path = Sparring.app; sourceTree = BUILT_PRODUCTS_DIR; };
		2E9204982541791700E9C066 /* SparringApp.swift */ = {isa = PBXFileReference; lastKnownFileType = sourcecode.swift; path = SparringApp.swift; sourceTree = "<group>"; };
		2E92049A2541791700E9C066 /* SignInView.swift */ = {isa = PBXFileReference; lastKnownFileType = sourcecode.swift; path = SignInView.swift; sourceTree = "<group>"; };
		2E92049C2541791800E9C066 /* Assets.xcassets */ = {isa = PBXFileReference; lastKnownFileType = folder.assetcatalog; path = Assets.xcassets; sourceTree = "<group>"; };
		2E92049F2541791800E9C066 /* Preview Assets.xcassets */ = {isa = PBXFileReference; lastKnownFileType = folder.assetcatalog; path = "Preview Assets.xcassets"; sourceTree = "<group>"; };
		2E9204A12541791800E9C066 /* Persistence.swift */ = {isa = PBXFileReference; lastKnownFileType = sourcecode.swift; path = Persistence.swift; sourceTree = "<group>"; };
		2E9204A42541791800E9C066 /* Sparring.xcdatamodel */ = {isa = PBXFileReference; lastKnownFileType = wrapper.xcdatamodel; path = Sparring.xcdatamodel; sourceTree = "<group>"; };
		2E9204A62541791800E9C066 /* Info.plist */ = {isa = PBXFileReference; lastKnownFileType = text.plist.xml; path = Info.plist; sourceTree = "<group>"; };
		2E9204AB2541791800E9C066 /* SparringTests.xctest */ = {isa = PBXFileReference; explicitFileType = wrapper.cfbundle; includeInIndex = 0; path = SparringTests.xctest; sourceTree = BUILT_PRODUCTS_DIR; };
		2E9204AF2541791800E9C066 /* SparringTests.swift */ = {isa = PBXFileReference; lastKnownFileType = sourcecode.swift; path = SparringTests.swift; sourceTree = "<group>"; };
		2E9204B12541791800E9C066 /* Info.plist */ = {isa = PBXFileReference; lastKnownFileType = text.plist.xml; path = Info.plist; sourceTree = "<group>"; };
		2E9204B62541791800E9C066 /* SparringUITests.xctest */ = {isa = PBXFileReference; explicitFileType = wrapper.cfbundle; includeInIndex = 0; path = SparringUITests.xctest; sourceTree = BUILT_PRODUCTS_DIR; };
		2E9204BA2541791800E9C066 /* SparringUITests.swift */ = {isa = PBXFileReference; lastKnownFileType = sourcecode.swift; path = SparringUITests.swift; sourceTree = "<group>"; };
		2E9204BC2541791800E9C066 /* Info.plist */ = {isa = PBXFileReference; lastKnownFileType = text.plist.xml; path = Info.plist; sourceTree = "<group>"; };
		2E9204CF25417B1600E9C066 /* Colors.xcassets */ = {isa = PBXFileReference; lastKnownFileType = folder.assetcatalog; path = Colors.xcassets; sourceTree = "<group>"; };
		2E9204D62541922000E9C066 /* Color+Default.swift */ = {isa = PBXFileReference; lastKnownFileType = sourcecode.swift; path = "Color+Default.swift"; sourceTree = "<group>"; };
		2E9204F12541A24D00E9C066 /* Localizable.strings */ = {isa = PBXFileReference; lastKnownFileType = text.plist.strings; path = Localizable.strings; sourceTree = "<group>"; };
		2E9204F82541A2B400E9C066 /* String+Localized.swift */ = {isa = PBXFileReference; lastKnownFileType = sourcecode.swift; path = "String+Localized.swift"; sourceTree = "<group>"; };
/* End PBXFileReference section */

/* Begin PBXFrameworksBuildPhase section */
		2E9204922541791700E9C066 /* Frameworks */ = {
			isa = PBXFrameworksBuildPhase;
			buildActionMask = 2147483647;
			files = (
			);
			runOnlyForDeploymentPostprocessing = 0;
		};
		2E9204A82541791800E9C066 /* Frameworks */ = {
			isa = PBXFrameworksBuildPhase;
			buildActionMask = 2147483647;
			files = (
			);
			runOnlyForDeploymentPostprocessing = 0;
		};
		2E9204B32541791800E9C066 /* Frameworks */ = {
			isa = PBXFrameworksBuildPhase;
			buildActionMask = 2147483647;
			files = (
			);
			runOnlyForDeploymentPostprocessing = 0;
		};
/* End PBXFrameworksBuildPhase section */

/* Begin PBXGroup section */
		2E7BF1282541D88A0076CD26 /* HeaderComponents */ = {
			isa = PBXGroup;
			children = (
				2E7BF11E2541C9040076CD26 /* HeaderView.swift */,
				2E7BF1292541D8A60076CD26 /* SubHeaderView.swift */,
			);
			path = HeaderComponents;
			sourceTree = "<group>";
		};
		2E92048C2541791700E9C066 = {
			isa = PBXGroup;
			children = (
				2E9204972541791700E9C066 /* Sparring */,
				2E9204AE2541791800E9C066 /* SparringTests */,
				2E9204B92541791800E9C066 /* SparringUITests */,
				2E9204962541791700E9C066 /* Products */,
			);
			sourceTree = "<group>";
		};
		2E9204962541791700E9C066 /* Products */ = {
			isa = PBXGroup;
			children = (
				2E9204952541791700E9C066 /* Sparring.app */,
				2E9204AB2541791800E9C066 /* SparringTests.xctest */,
				2E9204B62541791800E9C066 /* SparringUITests.xctest */,
			);
			name = Products;
			sourceTree = "<group>";
		};
		2E9204972541791700E9C066 /* Sparring */ = {
			isa = PBXGroup;
			children = (
				2E9204F02541A22200E9C066 /* Default */,
				2E9204CB25417AEE00E9C066 /* Assets */,
				2E9204D4254191CA00E9C066 /* Modules */,
				2E9204A32541791800E9C066 /* Sparring.xcdatamodeld */,
				2E92049E2541791800E9C066 /* Preview Content */,
			);
			path = Sparring;
			sourceTree = "<group>";
		};
		2E92049E2541791800E9C066 /* Preview Content */ = {
			isa = PBXGroup;
			children = (
				2E92049F2541791800E9C066 /* Preview Assets.xcassets */,
			);
			path = "Preview Content";
			sourceTree = "<group>";
		};
		2E9204AE2541791800E9C066 /* SparringTests */ = {
			isa = PBXGroup;
			children = (
				2E9204AF2541791800E9C066 /* SparringTests.swift */,
				2E9204B12541791800E9C066 /* Info.plist */,
			);
			path = SparringTests;
			sourceTree = "<group>";
		};
		2E9204B92541791800E9C066 /* SparringUITests */ = {
			isa = PBXGroup;
			children = (
				2E9204BA2541791800E9C066 /* SparringUITests.swift */,
				2E9204BC2541791800E9C066 /* Info.plist */,
			);
			path = SparringUITests;
			sourceTree = "<group>";
		};
		2E9204CB25417AEE00E9C066 /* Assets */ = {
			isa = PBXGroup;
			children = (
				2E92049C2541791800E9C066 /* Assets.xcassets */,
				2E9204CF25417B1600E9C066 /* Colors.xcassets */,
			);
			path = Assets;
			sourceTree = "<group>";
		};
		2E9204D4254191CA00E9C066 /* Modules */ = {
			isa = PBXGroup;
			children = (
				2ECFC9C42541A81C00869E4A /* PresentationModule */,
				2E9204D5254191D700E9C066 /* UtilityModule */,
			);
			path = Modules;
			sourceTree = "<group>";
		};
		2E9204D5254191D700E9C066 /* UtilityModule */ = {
			isa = PBXGroup;
			children = (
				2E9204F62541A27A00E9C066 /* Extensions */,
			);
			path = UtilityModule;
			sourceTree = "<group>";
		};
		2E9204F02541A22200E9C066 /* Default */ = {
			isa = PBXGroup;
			children = (
				2E9204A62541791800E9C066 /* Info.plist */,
				2E9204A12541791800E9C066 /* Persistence.swift */,
				2E9204982541791700E9C066 /* SparringApp.swift */,
				2E9204F12541A24D00E9C066 /* Localizable.strings */,
			);
			path = Default;
			sourceTree = "<group>";
		};
		2E9204F62541A27A00E9C066 /* Extensions */ = {
			isa = PBXGroup;
			children = (
				2ECFC9CB2541A8EB00869E4A /* Color */,
				2E9204F72541A28F00E9C066 /* Strings */,
			);
			path = Extensions;
			sourceTree = "<group>";
		};
		2E9204F72541A28F00E9C066 /* Strings */ = {
			isa = PBXGroup;
			children = (
				2E9204F82541A2B400E9C066 /* String+Localized.swift */,
			);
			path = Strings;
			sourceTree = "<group>";
		};
		2ECFC9C42541A81C00869E4A /* PresentationModule */ = {
			isa = PBXGroup;
			children = (
				2ECFC9CC2541A91500869E4A /* ReusableComponents */,
				2ECFC9C52541A85000869E4A /* Sign In */,
			);
			path = PresentationModule;
			sourceTree = "<group>";
		};
		2ECFC9C52541A85000869E4A /* Sign In */ = {
			isa = PBXGroup;
			children = (
				2ECFC9C62541A86700869E4A /* View */,
			);
			path = "Sign In";
			sourceTree = "<group>";
		};
		2ECFC9C62541A86700869E4A /* View */ = {
			isa = PBXGroup;
			children = (
				2E92049A2541791700E9C066 /* SignInView.swift */,
			);
			path = View;
			sourceTree = "<group>";
		};
		2ECFC9CB2541A8EB00869E4A /* Color */ = {
			isa = PBXGroup;
			children = (
				2E9204D62541922000E9C066 /* Color+Default.swift */,
			);
			path = Color;
			sourceTree = "<group>";
		};
		2ECFC9CC2541A91500869E4A /* ReusableComponents */ = {
			isa = PBXGroup;
			children = (
				2E7BF1282541D88A0076CD26 /* HeaderComponents */,
				2E7BF1232541D4F10076CD26 /* BackgroundView.swift */,
			);
			path = ReusableComponents;
			sourceTree = "<group>";
		};
/* End PBXGroup section */

/* Begin PBXNativeTarget section */
		2E9204942541791700E9C066 /* Sparring */ = {
			isa = PBXNativeTarget;
			buildConfigurationList = 2E9204BF2541791800E9C066 /* Build configuration list for PBXNativeTarget "Sparring" */;
			buildPhases = (
				2E9204912541791700E9C066 /* Sources */,
				2E9204922541791700E9C066 /* Frameworks */,
				2E9204932541791700E9C066 /* Resources */,
			);
			buildRules = (
			);
			dependencies = (
			);
			name = Sparring;
			productName = Sparring;
			productReference = 2E9204952541791700E9C066 /* Sparring.app */;
			productType = "com.apple.product-type.application";
		};
		2E9204AA2541791800E9C066 /* SparringTests */ = {
			isa = PBXNativeTarget;
			buildConfigurationList = 2E9204C22541791800E9C066 /* Build configuration list for PBXNativeTarget "SparringTests" */;
			buildPhases = (
				2E9204A72541791800E9C066 /* Sources */,
				2E9204A82541791800E9C066 /* Frameworks */,
				2E9204A92541791800E9C066 /* Resources */,
			);
			buildRules = (
			);
			dependencies = (
				2E9204AD2541791800E9C066 /* PBXTargetDependency */,
			);
			name = SparringTests;
			productName = SparringTests;
			productReference = 2E9204AB2541791800E9C066 /* SparringTests.xctest */;
			productType = "com.apple.product-type.bundle.unit-test";
		};
		2E9204B52541791800E9C066 /* SparringUITests */ = {
			isa = PBXNativeTarget;
			buildConfigurationList = 2E9204C52541791800E9C066 /* Build configuration list for PBXNativeTarget "SparringUITests" */;
			buildPhases = (
				2E9204B22541791800E9C066 /* Sources */,
				2E9204B32541791800E9C066 /* Frameworks */,
				2E9204B42541791800E9C066 /* Resources */,
			);
			buildRules = (
			);
			dependencies = (
				2E9204B82541791800E9C066 /* PBXTargetDependency */,
			);
			name = SparringUITests;
			productName = SparringUITests;
			productReference = 2E9204B62541791800E9C066 /* SparringUITests.xctest */;
			productType = "com.apple.product-type.bundle.ui-testing";
		};
/* End PBXNativeTarget section */

/* Begin PBXProject section */
		2E92048D2541791700E9C066 /* Project object */ = {
			isa = PBXProject;
			attributes = {
				LastSwiftUpdateCheck = 1200;
				LastUpgradeCheck = 1200;
				TargetAttributes = {
					2E9204942541791700E9C066 = {
						CreatedOnToolsVersion = 12.0.1;
					};
					2E9204AA2541791800E9C066 = {
						CreatedOnToolsVersion = 12.0.1;
						TestTargetID = 2E9204942541791700E9C066;
					};
					2E9204B52541791800E9C066 = {
						CreatedOnToolsVersion = 12.0.1;
						TestTargetID = 2E9204942541791700E9C066;
					};
				};
			};
			buildConfigurationList = 2E9204902541791700E9C066 /* Build configuration list for PBXProject "Sparring" */;
			compatibilityVersion = "Xcode 9.3";
			developmentRegion = en;
			hasScannedForEncodings = 0;
			knownRegions = (
				en,
				Base,
			);
			mainGroup = 2E92048C2541791700E9C066;
			productRefGroup = 2E9204962541791700E9C066 /* Products */;
			projectDirPath = "";
			projectRoot = "";
			targets = (
				2E9204942541791700E9C066 /* Sparring */,
				2E9204AA2541791800E9C066 /* SparringTests */,
				2E9204B52541791800E9C066 /* SparringUITests */,
			);
		};
/* End PBXProject section */

/* Begin PBXResourcesBuildPhase section */
		2E9204932541791700E9C066 /* Resources */ = {
			isa = PBXResourcesBuildPhase;
			buildActionMask = 2147483647;
			files = (
				2E9204D025417B1600E9C066 /* Colors.xcassets in Resources */,
				2E9204F22541A24D00E9C066 /* Localizable.strings in Resources */,
				2E9204A02541791800E9C066 /* Preview Assets.xcassets in Resources */,
				2E92049D2541791800E9C066 /* Assets.xcassets in Resources */,
			);
			runOnlyForDeploymentPostprocessing = 0;
		};
		2E9204A92541791800E9C066 /* Resources */ = {
			isa = PBXResourcesBuildPhase;
			buildActionMask = 2147483647;
			files = (
			);
			runOnlyForDeploymentPostprocessing = 0;
		};
		2E9204B42541791800E9C066 /* Resources */ = {
			isa = PBXResourcesBuildPhase;
			buildActionMask = 2147483647;
			files = (
			);
			runOnlyForDeploymentPostprocessing = 0;
		};
/* End PBXResourcesBuildPhase section */

/* Begin PBXSourcesBuildPhase section */
		2E9204912541791700E9C066 /* Sources */ = {
			isa = PBXSourcesBuildPhase;
			buildActionMask = 2147483647;
			files = (
				2E9204F92541A2B400E9C066 /* String+Localized.swift in Sources */,
				2E9204A22541791800E9C066 /* Persistence.swift in Sources */,
				2E7BF1242541D4F10076CD26 /* BackgroundView.swift in Sources */,
				2E92049B2541791700E9C066 /* SignInView.swift in Sources */,
				2E9204D72541922000E9C066 /* Color+Default.swift in Sources */,
				2E7BF12A2541D8A60076CD26 /* SubHeaderView.swift in Sources */,
				2E9204992541791700E9C066 /* SparringApp.swift in Sources */,
				2E9204A52541791800E9C066 /* Sparring.xcdatamodeld in Sources */,
				2E7BF11F2541C9040076CD26 /* HeaderView.swift in Sources */,
			);
			runOnlyForDeploymentPostprocessing = 0;
		};
		2E9204A72541791800E9C066 /* Sources */ = {
			isa = PBXSourcesBuildPhase;
			buildActionMask = 2147483647;
			files = (
				2E9204B02541791800E9C066 /* SparringTests.swift in Sources */,
			);
			runOnlyForDeploymentPostprocessing = 0;
		};
		2E9204B22541791800E9C066 /* Sources */ = {
			isa = PBXSourcesBuildPhase;
			buildActionMask = 2147483647;
			files = (
				2E9204BB2541791800E9C066 /* SparringUITests.swift in Sources */,
			);
			runOnlyForDeploymentPostprocessing = 0;
		};
/* End PBXSourcesBuildPhase section */

/* Begin PBXTargetDependency section */
		2E9204AD2541791800E9C066 /* PBXTargetDependency */ = {
			isa = PBXTargetDependency;
			target = 2E9204942541791700E9C066 /* Sparring */;
			targetProxy = 2E9204AC2541791800E9C066 /* PBXContainerItemProxy */;
		};
		2E9204B82541791800E9C066 /* PBXTargetDependency */ = {
			isa = PBXTargetDependency;
			target = 2E9204942541791700E9C066 /* Sparring */;
			targetProxy = 2E9204B72541791800E9C066 /* PBXContainerItemProxy */;
		};
/* End PBXTargetDependency section */

/* Begin XCBuildConfiguration section */
		2E9204BD2541791800E9C066 /* Debug */ = {
			isa = XCBuildConfiguration;
			buildSettings = {
				ALWAYS_SEARCH_USER_PATHS = NO;
				CLANG_ANALYZER_NONNULL = YES;
				CLANG_ANALYZER_NUMBER_OBJECT_CONVERSION = YES_AGGRESSIVE;
				CLANG_CXX_LANGUAGE_STANDARD = "gnu++14";
				CLANG_CXX_LIBRARY = "libc++";
				CLANG_ENABLE_MODULES = YES;
				CLANG_ENABLE_OBJC_ARC = YES;
				CLANG_ENABLE_OBJC_WEAK = YES;
				CLANG_WARN_BLOCK_CAPTURE_AUTORELEASING = YES;
				CLANG_WARN_BOOL_CONVERSION = YES;
				CLANG_WARN_COMMA = YES;
				CLANG_WARN_CONSTANT_CONVERSION = YES;
				CLANG_WARN_DEPRECATED_OBJC_IMPLEMENTATIONS = YES;
				CLANG_WARN_DIRECT_OBJC_ISA_USAGE = YES_ERROR;
				CLANG_WARN_DOCUMENTATION_COMMENTS = YES;
				CLANG_WARN_EMPTY_BODY = YES;
				CLANG_WARN_ENUM_CONVERSION = YES;
				CLANG_WARN_INFINITE_RECURSION = YES;
				CLANG_WARN_INT_CONVERSION = YES;
				CLANG_WARN_NON_LITERAL_NULL_CONVERSION = YES;
				CLANG_WARN_OBJC_IMPLICIT_RETAIN_SELF = YES;
				CLANG_WARN_OBJC_LITERAL_CONVERSION = YES;
				CLANG_WARN_OBJC_ROOT_CLASS = YES_ERROR;
				CLANG_WARN_QUOTED_INCLUDE_IN_FRAMEWORK_HEADER = YES;
				CLANG_WARN_RANGE_LOOP_ANALYSIS = YES;
				CLANG_WARN_STRICT_PROTOTYPES = YES;
				CLANG_WARN_SUSPICIOUS_MOVE = YES;
				CLANG_WARN_UNGUARDED_AVAILABILITY = YES_AGGRESSIVE;
				CLANG_WARN_UNREACHABLE_CODE = YES;
				CLANG_WARN__DUPLICATE_METHOD_MATCH = YES;
				COPY_PHASE_STRIP = NO;
				DEBUG_INFORMATION_FORMAT = dwarf;
				ENABLE_STRICT_OBJC_MSGSEND = YES;
				ENABLE_TESTABILITY = YES;
				GCC_C_LANGUAGE_STANDARD = gnu11;
				GCC_DYNAMIC_NO_PIC = NO;
				GCC_NO_COMMON_BLOCKS = YES;
				GCC_OPTIMIZATION_LEVEL = 0;
				GCC_PREPROCESSOR_DEFINITIONS = (
					"DEBUG=1",
					"$(inherited)",
				);
				GCC_WARN_64_TO_32_BIT_CONVERSION = YES;
				GCC_WARN_ABOUT_RETURN_TYPE = YES_ERROR;
				GCC_WARN_UNDECLARED_SELECTOR = YES;
				GCC_WARN_UNINITIALIZED_AUTOS = YES_AGGRESSIVE;
				GCC_WARN_UNUSED_FUNCTION = YES;
				GCC_WARN_UNUSED_VARIABLE = YES;
				IPHONEOS_DEPLOYMENT_TARGET = 14.0;
				MTL_ENABLE_DEBUG_INFO = INCLUDE_SOURCE;
				MTL_FAST_MATH = YES;
				ONLY_ACTIVE_ARCH = YES;
				SDKROOT = iphoneos;
				SWIFT_ACTIVE_COMPILATION_CONDITIONS = DEBUG;
				SWIFT_OPTIMIZATION_LEVEL = "-Onone";
			};
			name = Debug;
		};
		2E9204BE2541791800E9C066 /* Release */ = {
			isa = XCBuildConfiguration;
			buildSettings = {
				ALWAYS_SEARCH_USER_PATHS = NO;
				CLANG_ANALYZER_NONNULL = YES;
				CLANG_ANALYZER_NUMBER_OBJECT_CONVERSION = YES_AGGRESSIVE;
				CLANG_CXX_LANGUAGE_STANDARD = "gnu++14";
				CLANG_CXX_LIBRARY = "libc++";
				CLANG_ENABLE_MODULES = YES;
				CLANG_ENABLE_OBJC_ARC = YES;
				CLANG_ENABLE_OBJC_WEAK = YES;
				CLANG_WARN_BLOCK_CAPTURE_AUTORELEASING = YES;
				CLANG_WARN_BOOL_CONVERSION = YES;
				CLANG_WARN_COMMA = YES;
				CLANG_WARN_CONSTANT_CONVERSION = YES;
				CLANG_WARN_DEPRECATED_OBJC_IMPLEMENTATIONS = YES;
				CLANG_WARN_DIRECT_OBJC_ISA_USAGE = YES_ERROR;
				CLANG_WARN_DOCUMENTATION_COMMENTS = YES;
				CLANG_WARN_EMPTY_BODY = YES;
				CLANG_WARN_ENUM_CONVERSION = YES;
				CLANG_WARN_INFINITE_RECURSION = YES;
				CLANG_WARN_INT_CONVERSION = YES;
				CLANG_WARN_NON_LITERAL_NULL_CONVERSION = YES;
				CLANG_WARN_OBJC_IMPLICIT_RETAIN_SELF = YES;
				CLANG_WARN_OBJC_LITERAL_CONVERSION = YES;
				CLANG_WARN_OBJC_ROOT_CLASS = YES_ERROR;
				CLANG_WARN_QUOTED_INCLUDE_IN_FRAMEWORK_HEADER = YES;
				CLANG_WARN_RANGE_LOOP_ANALYSIS = YES;
				CLANG_WARN_STRICT_PROTOTYPES = YES;
				CLANG_WARN_SUSPICIOUS_MOVE = YES;
				CLANG_WARN_UNGUARDED_AVAILABILITY = YES_AGGRESSIVE;
				CLANG_WARN_UNREACHABLE_CODE = YES;
				CLANG_WARN__DUPLICATE_METHOD_MATCH = YES;
				COPY_PHASE_STRIP = NO;
				DEBUG_INFORMATION_FORMAT = "dwarf-with-dsym";
				ENABLE_NS_ASSERTIONS = NO;
				ENABLE_STRICT_OBJC_MSGSEND = YES;
				GCC_C_LANGUAGE_STANDARD = gnu11;
				GCC_NO_COMMON_BLOCKS = YES;
				GCC_WARN_64_TO_32_BIT_CONVERSION = YES;
				GCC_WARN_ABOUT_RETURN_TYPE = YES_ERROR;
				GCC_WARN_UNDECLARED_SELECTOR = YES;
				GCC_WARN_UNINITIALIZED_AUTOS = YES_AGGRESSIVE;
				GCC_WARN_UNUSED_FUNCTION = YES;
				GCC_WARN_UNUSED_VARIABLE = YES;
				IPHONEOS_DEPLOYMENT_TARGET = 14.0;
				MTL_ENABLE_DEBUG_INFO = NO;
				MTL_FAST_MATH = YES;
				SDKROOT = iphoneos;
				SWIFT_COMPILATION_MODE = wholemodule;
				SWIFT_OPTIMIZATION_LEVEL = "-O";
				VALIDATE_PRODUCT = YES;
			};
			name = Release;
		};
		2E9204C02541791800E9C066 /* Debug */ = {
			isa = XCBuildConfiguration;
			buildSettings = {
				ASSETCATALOG_COMPILER_APPICON_NAME = AppIcon;
				ASSETCATALOG_COMPILER_GLOBAL_ACCENT_COLOR_NAME = AccentColor;
				CODE_SIGN_STYLE = Automatic;
				DEVELOPMENT_ASSET_PATHS = "\"Sparring/Preview Content\"";
				DEVELOPMENT_TEAM = J4563W7S2E;
				ENABLE_PREVIEWS = YES;
				INFOPLIST_FILE = Sparring/Default/Info.plist;
				IPHONEOS_DEPLOYMENT_TARGET = 14.0;
				LD_RUNPATH_SEARCH_PATHS = (
					"$(inherited)",
					"@executable_path/Frameworks",
				);
				PRODUCT_BUNDLE_IDENTIFIER = com.WojtekK.Sparring;
				PRODUCT_NAME = "$(TARGET_NAME)";
				SWIFT_VERSION = 5.0;
				TARGETED_DEVICE_FAMILY = "1,2";
			};
			name = Debug;
		};
		2E9204C12541791800E9C066 /* Release */ = {
			isa = XCBuildConfiguration;
			buildSettings = {
				ASSETCATALOG_COMPILER_APPICON_NAME = AppIcon;
				ASSETCATALOG_COMPILER_GLOBAL_ACCENT_COLOR_NAME = AccentColor;
				CODE_SIGN_STYLE = Automatic;
				DEVELOPMENT_ASSET_PATHS = "\"Sparring/Preview Content\"";
				DEVELOPMENT_TEAM = J4563W7S2E;
				ENABLE_PREVIEWS = YES;
				INFOPLIST_FILE = Sparring/Default/Info.plist;
				IPHONEOS_DEPLOYMENT_TARGET = 14.0;
				LD_RUNPATH_SEARCH_PATHS = (
					"$(inherited)",
					"@executable_path/Frameworks",
				);
				PRODUCT_BUNDLE_IDENTIFIER = com.WojtekK.Sparring;
				PRODUCT_NAME = "$(TARGET_NAME)";
				SWIFT_VERSION = 5.0;
				TARGETED_DEVICE_FAMILY = "1,2";
			};
			name = Release;
		};
		2E9204C32541791800E9C066 /* Debug */ = {
			isa = XCBuildConfiguration;
			buildSettings = {
				ALWAYS_EMBED_SWIFT_STANDARD_LIBRARIES = YES;
				BUNDLE_LOADER = "$(TEST_HOST)";
				CODE_SIGN_STYLE = Automatic;
				DEVELOPMENT_TEAM = J4563W7S2E;
				INFOPLIST_FILE = SparringTests/Info.plist;
				IPHONEOS_DEPLOYMENT_TARGET = 14.0;
				LD_RUNPATH_SEARCH_PATHS = (
					"$(inherited)",
					"@executable_path/Frameworks",
					"@loader_path/Frameworks",
				);
				PRODUCT_BUNDLE_IDENTIFIER = com.WojtekK.SparringTests;
				PRODUCT_NAME = "$(TARGET_NAME)";
				SWIFT_VERSION = 5.0;
				TARGETED_DEVICE_FAMILY = "1,2";
				TEST_HOST = "$(BUILT_PRODUCTS_DIR)/Sparring.app/Sparring";
			};
			name = Debug;
		};
		2E9204C42541791800E9C066 /* Release */ = {
			isa = XCBuildConfiguration;
			buildSettings = {
				ALWAYS_EMBED_SWIFT_STANDARD_LIBRARIES = YES;
				BUNDLE_LOADER = "$(TEST_HOST)";
				CODE_SIGN_STYLE = Automatic;
				DEVELOPMENT_TEAM = J4563W7S2E;
				INFOPLIST_FILE = SparringTests/Info.plist;
				IPHONEOS_DEPLOYMENT_TARGET = 14.0;
				LD_RUNPATH_SEARCH_PATHS = (
					"$(inherited)",
					"@executable_path/Frameworks",
					"@loader_path/Frameworks",
				);
				PRODUCT_BUNDLE_IDENTIFIER = com.WojtekK.SparringTests;
				PRODUCT_NAME = "$(TARGET_NAME)";
				SWIFT_VERSION = 5.0;
				TARGETED_DEVICE_FAMILY = "1,2";
				TEST_HOST = "$(BUILT_PRODUCTS_DIR)/Sparring.app/Sparring";
			};
			name = Release;
		};
		2E9204C62541791800E9C066 /* Debug */ = {
			isa = XCBuildConfiguration;
			buildSettings = {
				ALWAYS_EMBED_SWIFT_STANDARD_LIBRARIES = YES;
				CODE_SIGN_STYLE = Automatic;
				DEVELOPMENT_TEAM = J4563W7S2E;
				INFOPLIST_FILE = SparringUITests/Info.plist;
				LD_RUNPATH_SEARCH_PATHS = (
					"$(inherited)",
					"@executable_path/Frameworks",
					"@loader_path/Frameworks",
				);
				PRODUCT_BUNDLE_IDENTIFIER = com.WojtekK.SparringUITests;
				PRODUCT_NAME = "$(TARGET_NAME)";
				SWIFT_VERSION = 5.0;
				TARGETED_DEVICE_FAMILY = "1,2";
				TEST_TARGET_NAME = Sparring;
			};
			name = Debug;
		};
		2E9204C72541791800E9C066 /* Release */ = {
			isa = XCBuildConfiguration;
			buildSettings = {
				ALWAYS_EMBED_SWIFT_STANDARD_LIBRARIES = YES;
				CODE_SIGN_STYLE = Automatic;
				DEVELOPMENT_TEAM = J4563W7S2E;
				INFOPLIST_FILE = SparringUITests/Info.plist;
				LD_RUNPATH_SEARCH_PATHS = (
					"$(inherited)",
					"@executable_path/Frameworks",
					"@loader_path/Frameworks",
				);
				PRODUCT_BUNDLE_IDENTIFIER = com.WojtekK.SparringUITests;
				PRODUCT_NAME = "$(TARGET_NAME)";
				SWIFT_VERSION = 5.0;
				TARGETED_DEVICE_FAMILY = "1,2";
				TEST_TARGET_NAME = Sparring;
			};
			name = Release;
		};
/* End XCBuildConfiguration section */

/* Begin XCConfigurationList section */
		2E9204902541791700E9C066 /* Build configuration list for PBXProject "Sparring" */ = {
			isa = XCConfigurationList;
			buildConfigurations = (
				2E9204BD2541791800E9C066 /* Debug */,
				2E9204BE2541791800E9C066 /* Release */,
			);
			defaultConfigurationIsVisible = 0;
			defaultConfigurationName = Release;
		};
		2E9204BF2541791800E9C066 /* Build configuration list for PBXNativeTarget "Sparring" */ = {
			isa = XCConfigurationList;
			buildConfigurations = (
				2E9204C02541791800E9C066 /* Debug */,
				2E9204C12541791800E9C066 /* Release */,
			);
			defaultConfigurationIsVisible = 0;
			defaultConfigurationName = Release;
		};
		2E9204C22541791800E9C066 /* Build configuration list for PBXNativeTarget "SparringTests" */ = {
			isa = XCConfigurationList;
			buildConfigurations = (
				2E9204C32541791800E9C066 /* Debug */,
				2E9204C42541791800E9C066 /* Release */,
			);
			defaultConfigurationIsVisible = 0;
			defaultConfigurationName = Release;
		};
		2E9204C52541791800E9C066 /* Build configuration list for PBXNativeTarget "SparringUITests" */ = {
			isa = XCConfigurationList;
			buildConfigurations = (
				2E9204C62541791800E9C066 /* Debug */,
				2E9204C72541791800E9C066 /* Release */,
			);
			defaultConfigurationIsVisible = 0;
			defaultConfigurationName = Release;
		};
/* End XCConfigurationList section */

/* Begin XCVersionGroup section */
		2E9204A32541791800E9C066 /* Sparring.xcdatamodeld */ = {
			isa = XCVersionGroup;
			children = (
				2E9204A42541791800E9C066 /* Sparring.xcdatamodel */,
			);
			currentVersion = 2E9204A42541791800E9C066 /* Sparring.xcdatamodel */;
			path = Sparring.xcdatamodeld;
			sourceTree = "<group>";
			versionGroupType = wrapper.xcdatamodel;
		};
/* End XCVersionGroup section */
	};
	rootObject = 2E92048D2541791700E9C066 /* Project object */;
}
